// !$*UTF8*$!
{
	archiveVersion = 1;
	classes = {
	};
	objectVersion = 56;
	objects = {

/* Begin PBXBuildFile section */
		8A67CF4A2C2677A700A98288 /* GotelApp.swift in Sources */ = {isa = PBXBuildFile; fileRef = 8A67CF492C2677A700A98288 /* GotelApp.swift */; };
		8A67CF4C2C2677A700A98288 /* ContentView.swift in Sources */ = {isa = PBXBuildFile; fileRef = 8A67CF4B2C2677A700A98288 /* ContentView.swift */; };
		8A67CF4E2C2677A800A98288 /* Assets.xcassets in Resources */ = {isa = PBXBuildFile; fileRef = 8A67CF4D2C2677A800A98288 /* Assets.xcassets */; };
		8A67CF512C2677A800A98288 /* Preview Assets.xcassets in Resources */ = {isa = PBXBuildFile; fileRef = 8A67CF502C2677A800A98288 /* Preview Assets.xcassets */; };
		8A67CF5B2C2677A800A98288 /* GotelTests.swift in Sources */ = {isa = PBXBuildFile; fileRef = 8A67CF5A2C2677A800A98288 /* GotelTests.swift */; };
		8A67CF652C2677A900A98288 /* GotelUITests.swift in Sources */ = {isa = PBXBuildFile; fileRef = 8A67CF642C2677A900A98288 /* GotelUITests.swift */; };
		8A67CF672C2677A900A98288 /* GotelUITestsLaunchTests.swift in Sources */ = {isa = PBXBuildFile; fileRef = 8A67CF662C2677A900A98288 /* GotelUITestsLaunchTests.swift */; };
/* End PBXBuildFile section */

/* Begin PBXContainerItemProxy section */
		8A67CF572C2677A800A98288 /* PBXContainerItemProxy */ = {
			isa = PBXContainerItemProxy;
			containerPortal = 8A67CF3E2C2677A700A98288 /* Project object */;
			proxyType = 1;
			remoteGlobalIDString = 8A67CF452C2677A700A98288;
			remoteInfo = Gotel;
		};
		8A67CF612C2677A900A98288 /* PBXContainerItemProxy */ = {
			isa = PBXContainerItemProxy;
			containerPortal = 8A67CF3E2C2677A700A98288 /* Project object */;
			proxyType = 1;
			remoteGlobalIDString = 8A67CF452C2677A700A98288;
			remoteInfo = Gotel;
		};
/* End PBXContainerItemProxy section */

/* Begin PBXFileReference section */
		8A67CF462C2677A700A98288 /* Gotel.app */ = {isa = PBXFileReference; explicitFileType = wrapper.application; includeInIndex = 0; path = Gotel.app; sourceTree = BUILT_PRODUCTS_DIR; };
		8A67CF492C2677A700A98288 /* GotelApp.swift */ = {isa = PBXFileReference; lastKnownFileType = sourcecode.swift; path = GotelApp.swift; sourceTree = "<group>"; };
		8A67CF4B2C2677A700A98288 /* ContentView.swift */ = {isa = PBXFileReference; lastKnownFileType = sourcecode.swift; path = ContentView.swift; sourceTree = "<group>"; };
		8A67CF4D2C2677A800A98288 /* Assets.xcassets */ = {isa = PBXFileReference; lastKnownFileType = folder.assetcatalog; path = Assets.xcassets; sourceTree = "<group>"; };
		8A67CF502C2677A800A98288 /* Preview Assets.xcassets */ = {isa = PBXFileReference; lastKnownFileType = folder.assetcatalog; path = "Preview Assets.xcassets"; sourceTree = "<group>"; };
		8A67CF562C2677A800A98288 /* GotelTests.xctest */ = {isa = PBXFileReference; explicitFileType = wrapper.cfbundle; includeInIndex = 0; path = GotelTests.xctest; sourceTree = BUILT_PRODUCTS_DIR; };
		8A67CF5A2C2677A800A98288 /* GotelTests.swift */ = {isa = PBXFileReference; lastKnownFileType = sourcecode.swift; path = GotelTests.swift; sourceTree = "<group>"; };
		8A67CF602C2677A900A98288 /* GotelUITests.xctest */ = {isa = PBXFileReference; explicitFileType = wrapper.cfbundle; includeInIndex = 0; path = GotelUITests.xctest; sourceTree = BUILT_PRODUCTS_DIR; };
		8A67CF642C2677A900A98288 /* GotelUITests.swift */ = {isa = PBXFileReference; lastKnownFileType = sourcecode.swift; path = GotelUITests.swift; sourceTree = "<group>"; };
		8A67CF662C2677A900A98288 /* GotelUITestsLaunchTests.swift */ = {isa = PBXFileReference; lastKnownFileType = sourcecode.swift; path = GotelUITestsLaunchTests.swift; sourceTree = "<group>"; };
/* End PBXFileReference section */

/* Begin PBXFrameworksBuildPhase section */
		8A67CF432C2677A700A98288 /* Frameworks */ = {
			isa = PBXFrameworksBuildPhase;
			buildActionMask = 2147483647;
			files = (
			);
			runOnlyForDeploymentPostprocessing = 0;
		};
		8A67CF532C2677A800A98288 /* Frameworks */ = {
			isa = PBXFrameworksBuildPhase;
			buildActionMask = 2147483647;
			files = (
			);
			runOnlyForDeploymentPostprocessing = 0;
		};
		8A67CF5D2C2677A900A98288 /* Frameworks */ = {
			isa = PBXFrameworksBuildPhase;
			buildActionMask = 2147483647;
			files = (
			);
			runOnlyForDeploymentPostprocessing = 0;
		};
/* End PBXFrameworksBuildPhase section */

/* Begin PBXGroup section */
		8A67CF3D2C2677A700A98288 = {
			isa = PBXGroup;
			children = (
				8A67CF482C2677A700A98288 /* Gotel */,
				8A67CF592C2677A800A98288 /* GotelTests */,
				8A67CF632C2677A900A98288 /* GotelUITests */,
				8A67CF472C2677A700A98288 /* Products */,
			);
			sourceTree = "<group>";
		};
		8A67CF472C2677A700A98288 /* Products */ = {
			isa = PBXGroup;
			children = (
				8A67CF462C2677A700A98288 /* Gotel.app */,
				8A67CF562C2677A800A98288 /* GotelTests.xctest */,
				8A67CF602C2677A900A98288 /* GotelUITests.xctest */,
			);
			name = Products;
			sourceTree = "<group>";
		};
		8A67CF482C2677A700A98288 /* Gotel */ = {
			isa = PBXGroup;
			children = (
				8A67CF492C2677A700A98288 /* GotelApp.swift */,
				8A67CF4B2C2677A700A98288 /* ContentView.swift */,
				8A67CF4D2C2677A800A98288 /* Assets.xcassets */,
				8A67CF4F2C2677A800A98288 /* Preview Content */,
			);
			path = Gotel;
			sourceTree = "<group>";
		};
		8A67CF4F2C2677A800A98288 /* Preview Content */ = {
			isa = PBXGroup;
			children = (
				8A67CF502C2677A800A98288 /* Preview Assets.xcassets */,
			);
			path = "Preview Content";
			sourceTree = "<group>";
		};
		8A67CF592C2677A800A98288 /* GotelTests */ = {
			isa = PBXGroup;
			children = (
				8A67CF5A2C2677A800A98288 /* GotelTests.swift */,
			);
			path = GotelTests;
			sourceTree = "<group>";
		};
		8A67CF632C2677A900A98288 /* GotelUITests */ = {
			isa = PBXGroup;
			children = (
				8A67CF642C2677A900A98288 /* GotelUITests.swift */,
				8A67CF662C2677A900A98288 /* GotelUITestsLaunchTests.swift */,
			);
			path = GotelUITests;
			sourceTree = "<group>";
		};
/* End PBXGroup section */

/* Begin PBXNativeTarget section */
		8A67CF452C2677A700A98288 /* Gotel */ = {
			isa = PBXNativeTarget;
			buildConfigurationList = 8A67CF6A2C2677A900A98288 /* Build configuration list for PBXNativeTarget "Gotel" */;
			buildPhases = (
				8A67CF422C2677A700A98288 /* Sources */,
				8A67CF432C2677A700A98288 /* Frameworks */,
				8A67CF442C2677A700A98288 /* Resources */,
			);
			buildRules = (
			);
			dependencies = (
			);
			name = Gotel;
			productName = Gotel;
			productReference = 8A67CF462C2677A700A98288 /* Gotel.app */;
			productType = "com.apple.product-type.application";
		};
		8A67CF552C2677A800A98288 /* GotelTests */ = {
			isa = PBXNativeTarget;
			buildConfigurationList = 8A67CF6D2C2677A900A98288 /* Build configuration list for PBXNativeTarget "GotelTests" */;
			buildPhases = (
				8A67CF522C2677A800A98288 /* Sources */,
				8A67CF532C2677A800A98288 /* Frameworks */,
				8A67CF542C2677A800A98288 /* Resources */,
			);
			buildRules = (
			);
			dependencies = (
				8A67CF582C2677A800A98288 /* PBXTargetDependency */,
			);
			name = GotelTests;
			productName = GotelTests;
			productReference = 8A67CF562C2677A800A98288 /* GotelTests.xctest */;
			productType = "com.apple.product-type.bundle.unit-test";
		};
		8A67CF5F2C2677A900A98288 /* GotelUITests */ = {
			isa = PBXNativeTarget;
			buildConfigurationList = 8A67CF702C2677A900A98288 /* Build configuration list for PBXNativeTarget "GotelUITests" */;
			buildPhases = (
				8A67CF5C2C2677A900A98288 /* Sources */,
				8A67CF5D2C2677A900A98288 /* Frameworks */,
				8A67CF5E2C2677A900A98288 /* Resources */,
			);
			buildRules = (
			);
			dependencies = (
				8A67CF622C2677A900A98288 /* PBXTargetDependency */,
			);
			name = GotelUITests;
			productName = GotelUITests;
			productReference = 8A67CF602C2677A900A98288 /* GotelUITests.xctest */;
			productType = "com.apple.product-type.bundle.ui-testing";
		};
/* End PBXNativeTarget section */

/* Begin PBXProject section */
		8A67CF3E2C2677A700A98288 /* Project object */ = {
			isa = PBXProject;
			attributes = {
				BuildIndependentTargetsInParallel = 1;
				LastSwiftUpdateCheck = 1540;
				LastUpgradeCheck = 1540;
				TargetAttributes = {
					8A67CF452C2677A700A98288 = {
						CreatedOnToolsVersion = 15.4;
					};
					8A67CF552C2677A800A98288 = {
						CreatedOnToolsVersion = 15.4;
						TestTargetID = 8A67CF452C2677A700A98288;
					};
					8A67CF5F2C2677A900A98288 = {
						CreatedOnToolsVersion = 15.4;
						TestTargetID = 8A67CF452C2677A700A98288;
					};
				};
			};
			buildConfigurationList = 8A67CF412C2677A700A98288 /* Build configuration list for PBXProject "Gotel" */;
			compatibilityVersion = "Xcode 14.0";
			developmentRegion = en;
			hasScannedForEncodings = 0;
			knownRegions = (
				en,
				Base,
			);
			mainGroup = 8A67CF3D2C2677A700A98288;
			productRefGroup = 8A67CF472C2677A700A98288 /* Products */;
			projectDirPath = "";
			projectRoot = "";
			targets = (
				8A67CF452C2677A700A98288 /* Gotel */,
				8A67CF552C2677A800A98288 /* GotelTests */,
				8A67CF5F2C2677A900A98288 /* GotelUITests */,
			);
		};
/* End PBXProject section */

/* Begin PBXResourcesBuildPhase section */
		8A67CF442C2677A700A98288 /* Resources */ = {
			isa = PBXResourcesBuildPhase;
			buildActionMask = 2147483647;
			files = (
				8A67CF512C2677A800A98288 /* Preview Assets.xcassets in Resources */,
				8A67CF4E2C2677A800A98288 /* Assets.xcassets in Resources */,
			);
			runOnlyForDeploymentPostprocessing = 0;
		};
		8A67CF542C2677A800A98288 /* Resources */ = {
			isa = PBXResourcesBuildPhase;
			buildActionMask = 2147483647;
			files = (
			);
			runOnlyForDeploymentPostprocessing = 0;
		};
		8A67CF5E2C2677A900A98288 /* Resources */ = {
			isa = PBXResourcesBuildPhase;
			buildActionMask = 2147483647;
			files = (
			);
			runOnlyForDeploymentPostprocessing = 0;
		};
/* End PBXResourcesBuildPhase section */

/* Begin PBXSourcesBuildPhase section */
		8A67CF422C2677A700A98288 /* Sources */ = {
			isa = PBXSourcesBuildPhase;
			buildActionMask = 2147483647;
			files = (
				8A67CF4C2C2677A700A98288 /* ContentView.swift in Sources */,
				8A67CF4A2C2677A700A98288 /* GotelApp.swift in Sources */,
			);
			runOnlyForDeploymentPostprocessing = 0;
		};
		8A67CF522C2677A800A98288 /* Sources */ = {
			isa = PBXSourcesBuildPhase;
			buildActionMask = 2147483647;
			files = (
				8A67CF5B2C2677A800A98288 /* GotelTests.swift in Sources */,
			);
			runOnlyForDeploymentPostprocessing = 0;
		};
		8A67CF5C2C2677A900A98288 /* Sources */ = {
			isa = PBXSourcesBuildPhase;
			buildActionMask = 2147483647;
			files = (
				8A67CF672C2677A900A98288 /* GotelUITestsLaunchTests.swift in Sources */,
				8A67CF652C2677A900A98288 /* GotelUITests.swift in Sources */,
			);
			runOnlyForDeploymentPostprocessing = 0;
		};
/* End PBXSourcesBuildPhase section */

/* Begin PBXTargetDependency section */
		8A67CF582C2677A800A98288 /* PBXTargetDependency */ = {
			isa = PBXTargetDependency;
			target = 8A67CF452C2677A700A98288 /* Gotel */;
			targetProxy = 8A67CF572C2677A800A98288 /* PBXContainerItemProxy */;
		};
		8A67CF622C2677A900A98288 /* PBXTargetDependency */ = {
			isa = PBXTargetDependency;
			target = 8A67CF452C2677A700A98288 /* Gotel */;
			targetProxy = 8A67CF612C2677A900A98288 /* PBXContainerItemProxy */;
		};
/* End PBXTargetDependency section */

/* Begin XCBuildConfiguration section */
		8A67CF682C2677A900A98288 /* Debug */ = {
			isa = XCBuildConfiguration;
			buildSettings = {
				ALWAYS_SEARCH_USER_PATHS = NO;
				ASSETCATALOG_COMPILER_GENERATE_SWIFT_ASSET_SYMBOL_EXTENSIONS = YES;
				CLANG_ANALYZER_NONNULL = YES;
				CLANG_ANALYZER_NUMBER_OBJECT_CONVERSION = YES_AGGRESSIVE;
				CLANG_CXX_LANGUAGE_STANDARD = "gnu++20";
				CLANG_ENABLE_MODULES = YES;
				CLANG_ENABLE_OBJC_ARC = YES;
				CLANG_ENABLE_OBJC_WEAK = YES;
				CLANG_WARN_BLOCK_CAPTURE_AUTORELEASING = YES;
				CLANG_WARN_BOOL_CONVERSION = YES;
				CLANG_WARN_COMMA = YES;
				CLANG_WARN_CONSTANT_CONVERSION = YES;
				CLANG_WARN_DEPRECATED_OBJC_IMPLEMENTATIONS = YES;
				CLANG_WARN_DIRECT_OBJC_ISA_USAGE = YES_ERROR;
				CLANG_WARN_DOCUMENTATION_COMMENTS = YES;
				CLANG_WARN_EMPTY_BODY = YES;
				CLANG_WARN_ENUM_CONVERSION = YES;
				CLANG_WARN_INFINITE_RECURSION = YES;
				CLANG_WARN_INT_CONVERSION = YES;
				CLANG_WARN_NON_LITERAL_NULL_CONVERSION = YES;
				CLANG_WARN_OBJC_IMPLICIT_RETAIN_SELF = YES;
				CLANG_WARN_OBJC_LITERAL_CONVERSION = YES;
				CLANG_WARN_OBJC_ROOT_CLASS = YES_ERROR;
				CLANG_WARN_QUOTED_INCLUDE_IN_FRAMEWORK_HEADER = YES;
				CLANG_WARN_RANGE_LOOP_ANALYSIS = YES;
				CLANG_WARN_STRICT_PROTOTYPES = YES;
				CLANG_WARN_SUSPICIOUS_MOVE = YES;
				CLANG_WARN_UNGUARDED_AVAILABILITY = YES_AGGRESSIVE;
				CLANG_WARN_UNREACHABLE_CODE = YES;
				CLANG_WARN__DUPLICATE_METHOD_MATCH = YES;
				COPY_PHASE_STRIP = NO;
				DEBUG_INFORMATION_FORMAT = dwarf;
				ENABLE_STRICT_OBJC_MSGSEND = YES;
				ENABLE_TESTABILITY = YES;
				ENABLE_USER_SCRIPT_SANDBOXING = YES;
				GCC_C_LANGUAGE_STANDARD = gnu17;
				GCC_DYNAMIC_NO_PIC = NO;
				GCC_NO_COMMON_BLOCKS = YES;
				GCC_OPTIMIZATION_LEVEL = 0;
				GCC_PREPROCESSOR_DEFINITIONS = (
					"DEBUG=1",
					"$(inherited)",
				);
				GCC_WARN_64_TO_32_BIT_CONVERSION = YES;
				GCC_WARN_ABOUT_RETURN_TYPE = YES_ERROR;
				GCC_WARN_UNDECLARED_SELECTOR = YES;
				GCC_WARN_UNINITIALIZED_AUTOS = YES_AGGRESSIVE;
				GCC_WARN_UNUSED_FUNCTION = YES;
				GCC_WARN_UNUSED_VARIABLE = YES;
				IPHONEOS_DEPLOYMENT_TARGET = 17.5;
				LOCALIZATION_PREFERS_STRING_CATALOGS = YES;
				MTL_ENABLE_DEBUG_INFO = INCLUDE_SOURCE;
				MTL_FAST_MATH = YES;
				ONLY_ACTIVE_ARCH = YES;
				SDKROOT = iphoneos;
				SWIFT_ACTIVE_COMPILATION_CONDITIONS = "DEBUG $(inherited)";
				SWIFT_OPTIMIZATION_LEVEL = "-Onone";
			};
			name = Debug;
		};
		8A67CF692C2677A900A98288 /* Release */ = {
			isa = XCBuildConfiguration;
			buildSettings = {
				ALWAYS_SEARCH_USER_PATHS = NO;
				ASSETCATALOG_COMPILER_GENERATE_SWIFT_ASSET_SYMBOL_EXTENSIONS = YES;
				CLANG_ANALYZER_NONNULL = YES;
				CLANG_ANALYZER_NUMBER_OBJECT_CONVERSION = YES_AGGRESSIVE;
				CLANG_CXX_LANGUAGE_STANDARD = "gnu++20";
				CLANG_ENABLE_MODULES = YES;
				CLANG_ENABLE_OBJC_ARC = YES;
				CLANG_ENABLE_OBJC_WEAK = YES;
				CLANG_WARN_BLOCK_CAPTURE_AUTORELEASING = YES;
				CLANG_WARN_BOOL_CONVERSION = YES;
				CLANG_WARN_COMMA = YES;
				CLANG_WARN_CONSTANT_CONVERSION = YES;
				CLANG_WARN_DEPRECATED_OBJC_IMPLEMENTATIONS = YES;
				CLANG_WARN_DIRECT_OBJC_ISA_USAGE = YES_ERROR;
				CLANG_WARN_DOCUMENTATION_COMMENTS = YES;
				CLANG_WARN_EMPTY_BODY = YES;
				CLANG_WARN_ENUM_CONVERSION = YES;
				CLANG_WARN_INFINITE_RECURSION = YES;
				CLANG_WARN_INT_CONVERSION = YES;
				CLANG_WARN_NON_LITERAL_NULL_CONVERSION = YES;
				CLANG_WARN_OBJC_IMPLICIT_RETAIN_SELF = YES;
				CLANG_WARN_OBJC_LITERAL_CONVERSION = YES;
				CLANG_WARN_OBJC_ROOT_CLASS = YES_ERROR;
				CLANG_WARN_QUOTED_INCLUDE_IN_FRAMEWORK_HEADER = YES;
				CLANG_WARN_RANGE_LOOP_ANALYSIS = YES;
				CLANG_WARN_STRICT_PROTOTYPES = YES;
				CLANG_WARN_SUSPICIOUS_MOVE = YES;
				CLANG_WARN_UNGUARDED_AVAILABILITY = YES_AGGRESSIVE;
				CLANG_WARN_UNREACHABLE_CODE = YES;
				CLANG_WARN__DUPLICATE_METHOD_MATCH = YES;
				COPY_PHASE_STRIP = NO;
				DEBUG_INFORMATION_FORMAT = "dwarf-with-dsym";
				ENABLE_NS_ASSERTIONS = NO;
				ENABLE_STRICT_OBJC_MSGSEND = YES;
				ENABLE_USER_SCRIPT_SANDBOXING = YES;
				GCC_C_LANGUAGE_STANDARD = gnu17;
				GCC_NO_COMMON_BLOCKS = YES;
				GCC_WARN_64_TO_32_BIT_CONVERSION = YES;
				GCC_WARN_ABOUT_RETURN_TYPE = YES_ERROR;
				GCC_WARN_UNDECLARED_SELECTOR = YES;
				GCC_WARN_UNINITIALIZED_AUTOS = YES_AGGRESSIVE;
				GCC_WARN_UNUSED_FUNCTION = YES;
				GCC_WARN_UNUSED_VARIABLE = YES;
				IPHONEOS_DEPLOYMENT_TARGET = 17.5;
				LOCALIZATION_PREFERS_STRING_CATALOGS = YES;
				MTL_ENABLE_DEBUG_INFO = NO;
				MTL_FAST_MATH = YES;
				SDKROOT = iphoneos;
				SWIFT_COMPILATION_MODE = wholemodule;
				VALIDATE_PRODUCT = YES;
			};
			name = Release;
		};
		8A67CF6B2C2677A900A98288 /* Debug */ = {
			isa = XCBuildConfiguration;
			buildSettings = {
				ASSETCATALOG_COMPILER_APPICON_NAME = AppIcon;
				ASSETCATALOG_COMPILER_GLOBAL_ACCENT_COLOR_NAME = AccentColor;
				CODE_SIGN_STYLE = Automatic;
				CURRENT_PROJECT_VERSION = 1;
				DEVELOPMENT_ASSET_PATHS = "\"Gotel/Preview Content\"";
				ENABLE_PREVIEWS = YES;
				GENERATE_INFOPLIST_FILE = YES;
				INFOPLIST_KEY_UIApplicationSceneManifest_Generation = YES;
				INFOPLIST_KEY_UIApplicationSupportsIndirectInputEvents = YES;
				INFOPLIST_KEY_UILaunchScreen_Generation = YES;
				INFOPLIST_KEY_UISupportedInterfaceOrientations_iPad = "UIInterfaceOrientationPortrait UIInterfaceOrientationPortraitUpsideDown UIInterfaceOrientationLandscapeLeft UIInterfaceOrientationLandscapeRight";
				INFOPLIST_KEY_UISupportedInterfaceOrientations_iPhone = "UIInterfaceOrientationPortrait UIInterfaceOrientationLandscapeLeft UIInterfaceOrientationLandscapeRight";
				LD_RUNPATH_SEARCH_PATHS = (
					"$(inherited)",
					"@executable_path/Frameworks",
				);
				MARKETING_VERSION = 1.0;
				PRODUCT_BUNDLE_IDENTIFIER = com.puroburritolabs.Gotel;
				PRODUCT_NAME = "$(TARGET_NAME)";
				SWIFT_EMIT_LOC_STRINGS = YES;
				SWIFT_VERSION = 5.0;
				TARGETED_DEVICE_FAMILY = "1,2";
			};
			name = Debug;
		};
		8A67CF6C2C2677A900A98288 /* Release */ = {
			isa = XCBuildConfiguration;
			buildSettings = {
				ASSETCATALOG_COMPILER_APPICON_NAME = AppIcon;
				ASSETCATALOG_COMPILER_GLOBAL_ACCENT_COLOR_NAME = AccentColor;
				CODE_SIGN_STYLE = Automatic;
				CURRENT_PROJECT_VERSION = 1;
				DEVELOPMENT_ASSET_PATHS = "\"Gotel/Preview Content\"";
				ENABLE_PREVIEWS = YES;
				GENERATE_INFOPLIST_FILE = YES;
				INFOPLIST_KEY_UIApplicationSceneManifest_Generation = YES;
				INFOPLIST_KEY_UIApplicationSupportsIndirectInputEvents = YES;
				INFOPLIST_KEY_UILaunchScreen_Generation = YES;
				INFOPLIST_KEY_UISupportedInterfaceOrientations_iPad = "UIInterfaceOrientationPortrait UIInterfaceOrientationPortraitUpsideDown UIInterfaceOrientationLandscapeLeft UIInterfaceOrientationLandscapeRight";
				INFOPLIST_KEY_UISupportedInterfaceOrientations_iPhone = "UIInterfaceOrientationPortrait UIInterfaceOrientationLandscapeLeft UIInterfaceOrientationLandscapeRight";
				LD_RUNPATH_SEARCH_PATHS = (
					"$(inherited)",
					"@executable_path/Frameworks",
				);
				MARKETING_VERSION = 1.0;
				PRODUCT_BUNDLE_IDENTIFIER = com.puroburritolabs.Gotel;
				PRODUCT_NAME = "$(TARGET_NAME)";
				SWIFT_EMIT_LOC_STRINGS = YES;
				SWIFT_VERSION = 5.0;
				TARGETED_DEVICE_FAMILY = "1,2";
			};
			name = Release;
		};
		8A67CF6E2C2677A900A98288 /* Debug */ = {
			isa = XCBuildConfiguration;
			buildSettings = {
				ALWAYS_EMBED_SWIFT_STANDARD_LIBRARIES = YES;
				BUNDLE_LOADER = "$(TEST_HOST)";
				CODE_SIGN_STYLE = Automatic;
				CURRENT_PROJECT_VERSION = 1;
				GENERATE_INFOPLIST_FILE = YES;
				IPHONEOS_DEPLOYMENT_TARGET = 17.5;
				MARKETING_VERSION = 1.0;
				PRODUCT_BUNDLE_IDENTIFIER = com.puroburritolabs.GotelTests;
				PRODUCT_NAME = "$(TARGET_NAME)";
				SWIFT_EMIT_LOC_STRINGS = NO;
				SWIFT_VERSION = 5.0;
				TARGETED_DEVICE_FAMILY = "1,2";
				TEST_HOST = "$(BUILT_PRODUCTS_DIR)/Gotel.app/$(BUNDLE_EXECUTABLE_FOLDER_PATH)/Gotel";
			};
			name = Debug;
		};
		8A67CF6F2C2677A900A98288 /* Release */ = {
			isa = XCBuildConfiguration;
			buildSettings = {
				ALWAYS_EMBED_SWIFT_STANDARD_LIBRARIES = YES;
				BUNDLE_LOADER = "$(TEST_HOST)";
				CODE_SIGN_STYLE = Automatic;
				CURRENT_PROJECT_VERSION = 1;
				GENERATE_INFOPLIST_FILE = YES;
				IPHONEOS_DEPLOYMENT_TARGET = 17.5;
				MARKETING_VERSION = 1.0;
				PRODUCT_BUNDLE_IDENTIFIER = com.puroburritolabs.GotelTests;
				PRODUCT_NAME = "$(TARGET_NAME)";
				SWIFT_EMIT_LOC_STRINGS = NO;
				SWIFT_VERSION = 5.0;
				TARGETED_DEVICE_FAMILY = "1,2";
				TEST_HOST = "$(BUILT_PRODUCTS_DIR)/Gotel.app/$(BUNDLE_EXECUTABLE_FOLDER_PATH)/Gotel";
			};
			name = Release;
		};
		8A67CF712C2677A900A98288 /* Debug */ = {
			isa = XCBuildConfiguration;
			buildSettings = {
				ALWAYS_EMBED_SWIFT_STANDARD_LIBRARIES = YES;
				CODE_SIGN_STYLE = Automatic;
				CURRENT_PROJECT_VERSION = 1;
				GENERATE_INFOPLIST_FILE = YES;
				MARKETING_VERSION = 1.0;
				PRODUCT_BUNDLE_IDENTIFIER = com.puroburritolabs.GotelUITests;
				PRODUCT_NAME = "$(TARGET_NAME)";
				SWIFT_EMIT_LOC_STRINGS = NO;
				SWIFT_VERSION = 5.0;
				TARGETED_DEVICE_FAMILY = "1,2";
				TEST_TARGET_NAME = Gotel;
			};
			name = Debug;
		};
		8A67CF722C2677A900A98288 /* Release */ = {
			isa = XCBuildConfiguration;
			buildSettings = {
				ALWAYS_EMBED_SWIFT_STANDARD_LIBRARIES = YES;
				CODE_SIGN_STYLE = Automatic;
				CURRENT_PROJECT_VERSION = 1;
				GENERATE_INFOPLIST_FILE = YES;
				MARKETING_VERSION = 1.0;
				PRODUCT_BUNDLE_IDENTIFIER = com.puroburritolabs.GotelUITests;
				PRODUCT_NAME = "$(TARGET_NAME)";
				SWIFT_EMIT_LOC_STRINGS = NO;
				SWIFT_VERSION = 5.0;
				TARGETED_DEVICE_FAMILY = "1,2";
				TEST_TARGET_NAME = Gotel;
			};
			name = Release;
		};
/* End XCBuildConfiguration section */

/* Begin XCConfigurationList section */
		8A67CF412C2677A700A98288 /* Build configuration list for PBXProject "Gotel" */ = {
			isa = XCConfigurationList;
			buildConfigurations = (
				8A67CF682C2677A900A98288 /* Debug */,
				8A67CF692C2677A900A98288 /* Release */,
			);
			defaultConfigurationIsVisible = 0;
			defaultConfigurationName = Release;
		};
		8A67CF6A2C2677A900A98288 /* Build configuration list for PBXNativeTarget "Gotel" */ = {
			isa = XCConfigurationList;
			buildConfigurations = (
				8A67CF6B2C2677A900A98288 /* Debug */,
				8A67CF6C2C2677A900A98288 /* Release */,
			);
			defaultConfigurationIsVisible = 0;
			defaultConfigurationName = Release;
		};
		8A67CF6D2C2677A900A98288 /* Build configuration list for PBXNativeTarget "GotelTests" */ = {
			isa = XCConfigurationList;
			buildConfigurations = (
				8A67CF6E2C2677A900A98288 /* Debug */,
				8A67CF6F2C2677A900A98288 /* Release */,
			);
			defaultConfigurationIsVisible = 0;
			defaultConfigurationName = Release;
		};
		8A67CF702C2677A900A98288 /* Build configuration list for PBXNativeTarget "GotelUITests" */ = {
			isa = XCConfigurationList;
			buildConfigurations = (
				8A67CF712C2677A900A98288 /* Debug */,
				8A67CF722C2677A900A98288 /* Release */,
			);
			defaultConfigurationIsVisible = 0;
			defaultConfigurationName = Release;
		};
/* End XCConfigurationList section */
	};
	rootObject = 8A67CF3E2C2677A700A98288 /* Project object */;
}
